
Microsoft Visual Studio Solution File, Format Version 12.00
# Visual Studio Version 17
VisualStudioVersion = 17.10.34928.147
MinimumVisualStudioVersion = 10.0.40219.1
Project("{FAE04EC0-301F-11D3-BF4B-00C04F79EFBC}") = "TS.FW", "TS.FW\TS.FW.csproj", "{121D01E7-75A0-4C0E-BE19-199A9C83CF6F}"
EndProject
Project("{FAE04EC0-301F-11D3-BF4B-00C04F79EFBC}") = "TS.FW.Wpf", "TS.FW.Wpf\TS.FW.Wpf.csproj", "{147E9F91-4792-4280-8AF8-7976BBD44A25}"
EndProject
Project("{FAE04EC0-301F-11D3-BF4B-00C04F79EFBC}") = "TS.FW.Net", "TS.FW.Net\TS.FW.Net.csproj", "{55B5DFD7-04FD-4DC2-A20E-C0B227A82C6D}"
EndProject
Project("{2150E333-8FDC-42A3-9474-1A3956D46DE8}") = "Reference", "Reference", "{08DAAF44-6973-49C7-A743-B423B137700C}"
EndProject
Project("{FAE04EC0-301F-11D3-BF4B-00C04F79EFBC}") = "TS.FW.Inverter", "Reference\TS.FW.Inverter\TS.FW.Inverter.csproj", "{C9907AC9-1AA0-403C-9267-79F33A0257F0}"
EndProject
Project("{2150E333-8FDC-42A3-9474-1A3956D46DE8}") = "TestProgram", "TestProgram", "{646576FD-A739-465A-9ED0-6D5792F5D7E0}"
EndProject
Project("{FAE04EC0-301F-11D3-BF4B-00C04F79EFBC}") = "TS.FW.Wpf.Test", "TestProgram\TS.FW.Wpf.Test\TS.FW.Wpf.Test.csproj", "{B0126566-6B8A-4F82-9A95-7F731B664B5F}"
EndProject
Project("{FAE04EC0-301F-11D3-BF4B-00C04F79EFBC}") = "TS.FW.Probe", "Reference\TS.FW.Probe\TS.FW.Probe.csproj", "{42F80618-2A0C-488E-9959-93D1A1B386A6}"
EndProject
Project("{2150E333-8FDC-42A3-9474-1A3956D46DE8}") = "JF_Control", "JF_Control", "{8BACCE5E-EF6B-47CB-A82F-6A42D747CD64}"
EndProject
Project("{FAE04EC0-301F-11D3-BF4B-00C04F79EFBC}") = "TS.FW.Dac", "TS.FW.Dac\TS.FW.Dac.csproj", "{2E1C1314-ADA1-4EDB-BCD6-6A9DE531F578}"
EndProject
Project("{FAE04EC0-301F-11D3-BF4B-00C04F79EFBC}") = "TS.FW.JF.Wpf", "JF_Control\TS.FW.JF.Wpf\TS.FW.JF.Wpf.csproj", "{3410DBBB-44E7-4614-BDB8-7332AB090911}"
EndProject
Project("{FAE04EC0-301F-11D3-BF4B-00C04F79EFBC}") = "TS.FW.JF", "JF_Control\TS.FW.JF\TS.FW.JF.csproj", "{D4ADF11D-558D-4801-95EC-B4AEB54B9315}"
EndProject
Project("{FAE04EC0-301F-11D3-BF4B-00C04F79EFBC}") = "TS.FW.WpfLanguage", "TS.FW.WpfLanguage\TS.FW.WpfLanguage.csproj", "{41005FAC-DD8B-4EB2-A697-42FE3200064B}"
EndProject
Project("{FAE04EC0-301F-11D3-BF4B-00C04F79EFBC}") = "TS.FW.Dac.Cfg", "TS.FW.Dac.Cfg\TS.FW.Dac.Cfg.csproj", "{9F987591-98AA-406E-AC88-813AD083AE29}"
EndProject
Project("{FAE04EC0-301F-11D3-BF4B-00C04F79EFBC}") = "TS.FW.Test(Cfg,Alarm)", "TestProgram\TS.FW.Test(Cfg,Alarm)\TS.FW.Test(Cfg,Alarm).csproj", "{5B4A2437-62E6-48AA-95E9-30140F96D5E2}"
EndProject
Project("{FAE04EC0-301F-11D3-BF4B-00C04F79EFBC}") = "TS.FW.Dac.Alarm", "TS.FW.Dac.Alarm\TS.FW.Dac.Alarm.csproj", "{D848CD1C-D99C-42BA-A171-4FD9D42D3EA6}"
EndProject
Project("{2150E333-8FDC-42A3-9474-1A3956D46DE8}") = "Linkgenesis", "Linkgenesis", "{CCB45604-3F16-453E-87C3-C061E6299915}"
EndProject
Project("{FAE04EC0-301F-11D3-BF4B-00C04F79EFBC}") = "TS.FW.XCom", "Linkgenesis\TS.FW.XCom\TS.FW.XCom.csproj", "{FA5F2F7A-1032-4CAE-A483-3C66FE5224D5}"
EndProject
Project("{FAE04EC0-301F-11D3-BF4B-00C04F79EFBC}") = "TS.FW.XCom.Wpf.ClassFile", "Linkgenesis\TS.FW.XCom.Wpf.ClassFile\TS.FW.XCom.Wpf.ClassFile.csproj", "{5802B76F-7DA5-4112-A065-65938A891A31}"
EndProject
Project("{FAE04EC0-301F-11D3-BF4B-00C04F79EFBC}") = "TS.FW.XCom.K2", "TestProgram\TS.FW.XCom.K2\TS.FW.XCom.K2.csproj", "{26B3745F-9776-4E21-8FD1-DEA718227472}"
EndProject
Project("{2150E333-8FDC-42A3-9474-1A3956D46DE8}") = "SDC", "SDC", "{2247A13A-0A2A-4524-B333-105AB6E05D3C}"
EndProject
Project("{FAE04EC0-301F-11D3-BF4B-00C04F79EFBC}") = "TS.FW.XCom.SDC", "Linkgenesis\SDC\TS.FW.XCom.SDC\TS.FW.XCom.SDC.csproj", "{E81FFF7E-D37A-4438-800A-3BC83C8D9159}"
EndProject
Project("{FAE04EC0-301F-11D3-BF4B-00C04F79EFBC}") = "TS.FW.XCom.Test", "TS.FW.XCom.Test\TS.FW.XCom.Test.csproj", "{3D1DDABC-CD10-40AA-8E07-50002299CDAE}"
EndProject
Project("{FAE04EC0-301F-11D3-BF4B-00C04F79EFBC}") = "TS.FW.Plc", "TS.FW.Plc\TS.FW.Plc.csproj", "{9D35E57B-B1D0-48F8-9A88-3EE8B525016C}"
EndProject
Project("{FAE04EC0-301F-11D3-BF4B-00C04F79EFBC}") = "TS.FW.Plc.Test", "TestProgram\TS.FW.Plc.Test\TS.FW.Plc.Test.csproj", "{88A1AF8E-4363-458C-ABA0-948E2F241385}"
EndProject
Project("{FAE04EC0-301F-11D3-BF4B-00C04F79EFBC}") = "TS.FW.Bcr", "Reference\TS.FW.Bcr\TS.FW.Bcr\TS.FW.Bcr.csproj", "{DF25AF18-A63C-4122-890F-789A09FBDE76}"
EndProject
Project("{FAE04EC0-301F-11D3-BF4B-00C04F79EFBC}") = "TS.FW.Efu", "Reference\TS.FW.Efu\TS.FW.Efu\TS.FW.Efu.csproj", "{232475B0-1C69-4B3B-8A7D-6E7D55826759}"
EndProject
Project("{2150E333-8FDC-42A3-9474-1A3956D46DE8}") = "Ajin", "Ajin", "{C07B4421-2B62-4277-B568-6644021E8828}"
EndProject
Project("{FAE04EC0-301F-11D3-BF4B-00C04F79EFBC}") = "TS.FW.Device", "TS.FW.Device\TS.FW.Device.csproj", "{7459F229-F1ED-47B0-922F-B91EAAC9B71F}"
EndProject
Project("{FAE04EC0-301F-11D3-BF4B-00C04F79EFBC}") = "TS.FW.Device.Test", "TestProgram\TS.FW.Device.Test\TS.FW.Device.Test.csproj", "{C348538D-4155-48BA-A1BF-EB97E1C0CE37}"
EndProject
Project("{FAE04EC0-301F-11D3-BF4B-00C04F79EFBC}") = "TS.FW.CTC.Test", "TestProgram\TS.FW.CTC.Test\TS.FW.CTC.Test.csproj", "{43C5CBE6-0A29-444A-8C1A-7A3AA9725C1A}"
EndProject
Project("{FAE04EC0-301F-11D3-BF4B-00C04F79EFBC}") = "TS.FW.Robot.RC100", "Reference\TS.FW.Robot.RC100\TS.FW.Robot.RC100.csproj", "{E47F2908-3575-4EA5-AF54-673A9AD8D67B}"
EndProject
Project("{FAE04EC0-301F-11D3-BF4B-00C04F79EFBC}") = "TS.FW.Elec", "Reference\TS.FW.Elec\TS.FW.Elec.csproj", "{9B9AA8CC-79B3-4F28-8ACB-2BCCE1AD9BD5}"
EndProject
Project("{FAE04EC0-301F-11D3-BF4B-00C04F79EFBC}") = "TS.FW.Wpf.v2", "TS.FW.Wpf.v2\TS.FW.Wpf.v2.csproj", "{7FE775D7-4395-41B8-95E3-DE0FF5E52B80}"
EndProject
Project("{FAE04EC0-301F-11D3-BF4B-00C04F79EFBC}") = "WPF.UI.TEST", "TestProgram\WPF.UI.TEST\WPF.UI.TEST.csproj", "{2A46859E-140A-4F7D-B200-695C7B2A193B}"
EndProject
Project("{FAE04EC0-301F-11D3-BF4B-00C04F79EFBC}") = "TS.FW.GIGA", "TestProgram\TS.FW.GIGA\TS.FW.GIGA.csproj", "{E0C2B515-D068-4AD6-BB83-9E4CEFC14038}"
EndProject
Global
	GlobalSection(SolutionConfigurationPlatforms) = preSolution
		Debug|Any CPU = Debug|Any CPU
		Release|Any CPU = Release|Any CPU
	EndGlobalSection
	GlobalSection(ProjectConfigurationPlatforms) = postSolution
		{121D01E7-75A0-4C0E-BE19-199A9C83CF6F}.Debug|Any CPU.ActiveCfg = Debug|Any CPU
		{121D01E7-75A0-4C0E-BE19-199A9C83CF6F}.Debug|Any CPU.Build.0 = Debug|Any CPU
		{121D01E7-75A0-4C0E-BE19-199A9C83CF6F}.Release|Any CPU.ActiveCfg = Release|Any CPU
		{121D01E7-75A0-4C0E-BE19-199A9C83CF6F}.Release|Any CPU.Build.0 = Release|Any CPU
		{147E9F91-4792-4280-8AF8-7976BBD44A25}.Debug|Any CPU.ActiveCfg = Debug|Any CPU
		{147E9F91-4792-4280-8AF8-7976BBD44A25}.Debug|Any CPU.Build.0 = Debug|Any CPU
		{147E9F91-4792-4280-8AF8-7976BBD44A25}.Release|Any CPU.ActiveCfg = Release|Any CPU
		{147E9F91-4792-4280-8AF8-7976BBD44A25}.Release|Any CPU.Build.0 = Release|Any CPU
		{55B5DFD7-04FD-4DC2-A20E-C0B227A82C6D}.Debug|Any CPU.ActiveCfg = Debug|Any CPU
		{55B5DFD7-04FD-4DC2-A20E-C0B227A82C6D}.Debug|Any CPU.Build.0 = Debug|Any CPU
		{55B5DFD7-04FD-4DC2-A20E-C0B227A82C6D}.Release|Any CPU.ActiveCfg = Release|Any CPU
		{55B5DFD7-04FD-4DC2-A20E-C0B227A82C6D}.Release|Any CPU.Build.0 = Release|Any CPU
		{C9907AC9-1AA0-403C-9267-79F33A0257F0}.Debug|Any CPU.ActiveCfg = Debug|Any CPU
		{C9907AC9-1AA0-403C-9267-79F33A0257F0}.Debug|Any CPU.Build.0 = Debug|Any CPU
		{C9907AC9-1AA0-403C-9267-79F33A0257F0}.Release|Any CPU.ActiveCfg = Release|Any CPU
		{C9907AC9-1AA0-403C-9267-79F33A0257F0}.Release|Any CPU.Build.0 = Release|Any CPU
		{B0126566-6B8A-4F82-9A95-7F731B664B5F}.Debug|Any CPU.ActiveCfg = Debug|Any CPU
		{B0126566-6B8A-4F82-9A95-7F731B664B5F}.Debug|Any CPU.Build.0 = Debug|Any CPU
		{B0126566-6B8A-4F82-9A95-7F731B664B5F}.Release|Any CPU.ActiveCfg = Release|Any CPU
		{B0126566-6B8A-4F82-9A95-7F731B664B5F}.Release|Any CPU.Build.0 = Release|Any CPU
		{42F80618-2A0C-488E-9959-93D1A1B386A6}.Debug|Any CPU.ActiveCfg = Debug|Any CPU
		{42F80618-2A0C-488E-9959-93D1A1B386A6}.Debug|Any CPU.Build.0 = Debug|Any CPU
		{42F80618-2A0C-488E-9959-93D1A1B386A6}.Release|Any CPU.ActiveCfg = Release|Any CPU
		{42F80618-2A0C-488E-9959-93D1A1B386A6}.Release|Any CPU.Build.0 = Release|Any CPU
		{2E1C1314-ADA1-4EDB-BCD6-6A9DE531F578}.Debug|Any CPU.ActiveCfg = Debug|Any CPU
		{2E1C1314-ADA1-4EDB-BCD6-6A9DE531F578}.Debug|Any CPU.Build.0 = Debug|Any CPU
		{2E1C1314-ADA1-4EDB-BCD6-6A9DE531F578}.Release|Any CPU.ActiveCfg = Release|Any CPU
		{2E1C1314-ADA1-4EDB-BCD6-6A9DE531F578}.Release|Any CPU.Build.0 = Release|Any CPU
		{3410DBBB-44E7-4614-BDB8-7332AB090911}.Debug|Any CPU.ActiveCfg = Debug|Any CPU
		{3410DBBB-44E7-4614-BDB8-7332AB090911}.Debug|Any CPU.Build.0 = Debug|Any CPU
		{3410DBBB-44E7-4614-BDB8-7332AB090911}.Release|Any CPU.ActiveCfg = Release|Any CPU
		{3410DBBB-44E7-4614-BDB8-7332AB090911}.Release|Any CPU.Build.0 = Release|Any CPU
		{D4ADF11D-558D-4801-95EC-B4AEB54B9315}.Debug|Any CPU.ActiveCfg = Debug|Any CPU
		{D4ADF11D-558D-4801-95EC-B4AEB54B9315}.Debug|Any CPU.Build.0 = Debug|Any CPU
		{D4ADF11D-558D-4801-95EC-B4AEB54B9315}.Release|Any CPU.ActiveCfg = Release|Any CPU
		{D4ADF11D-558D-4801-95EC-B4AEB54B9315}.Release|Any CPU.Build.0 = Release|Any CPU
		{41005FAC-DD8B-4EB2-A697-42FE3200064B}.Debug|Any CPU.ActiveCfg = Debug|Any CPU
		{41005FAC-DD8B-4EB2-A697-42FE3200064B}.Debug|Any CPU.Build.0 = Debug|Any CPU
		{41005FAC-DD8B-4EB2-A697-42FE3200064B}.Release|Any CPU.ActiveCfg = Release|Any CPU
		{41005FAC-DD8B-4EB2-A697-42FE3200064B}.Release|Any CPU.Build.0 = Release|Any CPU
		{9F987591-98AA-406E-AC88-813AD083AE29}.Debug|Any CPU.ActiveCfg = Debug|Any CPU
		{9F987591-98AA-406E-AC88-813AD083AE29}.Debug|Any CPU.Build.0 = Debug|Any CPU
		{9F987591-98AA-406E-AC88-813AD083AE29}.Release|Any CPU.ActiveCfg = Release|Any CPU
		{9F987591-98AA-406E-AC88-813AD083AE29}.Release|Any CPU.Build.0 = Release|Any CPU
		{5B4A2437-62E6-48AA-95E9-30140F96D5E2}.Debug|Any CPU.ActiveCfg = Debug|Any CPU
		{5B4A2437-62E6-48AA-95E9-30140F96D5E2}.Debug|Any CPU.Build.0 = Debug|Any CPU
		{5B4A2437-62E6-48AA-95E9-30140F96D5E2}.Release|Any CPU.ActiveCfg = Release|Any CPU
		{5B4A2437-62E6-48AA-95E9-30140F96D5E2}.Release|Any CPU.Build.0 = Release|Any CPU
		{D848CD1C-D99C-42BA-A171-4FD9D42D3EA6}.Debug|Any CPU.ActiveCfg = Debug|Any CPU
		{D848CD1C-D99C-42BA-A171-4FD9D42D3EA6}.Debug|Any CPU.Build.0 = Debug|Any CPU
		{D848CD1C-D99C-42BA-A171-4FD9D42D3EA6}.Release|Any CPU.ActiveCfg = Release|Any CPU
		{D848CD1C-D99C-42BA-A171-4FD9D42D3EA6}.Release|Any CPU.Build.0 = Release|Any CPU
		{FA5F2F7A-1032-4CAE-A483-3C66FE5224D5}.Debug|Any CPU.ActiveCfg = Debug|Any CPU
		{FA5F2F7A-1032-4CAE-A483-3C66FE5224D5}.Debug|Any CPU.Build.0 = Debug|Any CPU
		{FA5F2F7A-1032-4CAE-A483-3C66FE5224D5}.Release|Any CPU.ActiveCfg = Release|Any CPU
		{FA5F2F7A-1032-4CAE-A483-3C66FE5224D5}.Release|Any CPU.Build.0 = Release|Any CPU
		{5802B76F-7DA5-4112-A065-65938A891A31}.Debug|Any CPU.ActiveCfg = Debug|Any CPU
		{5802B76F-7DA5-4112-A065-65938A891A31}.Debug|Any CPU.Build.0 = Debug|Any CPU
		{5802B76F-7DA5-4112-A065-65938A891A31}.Release|Any CPU.ActiveCfg = Release|Any CPU
		{5802B76F-7DA5-4112-A065-65938A891A31}.Release|Any CPU.Build.0 = Release|Any CPU
		{26B3745F-9776-4E21-8FD1-DEA718227472}.Debug|Any CPU.ActiveCfg = Debug|Any CPU
		{26B3745F-9776-4E21-8FD1-DEA718227472}.Debug|Any CPU.Build.0 = Debug|Any CPU
		{26B3745F-9776-4E21-8FD1-DEA718227472}.Release|Any CPU.ActiveCfg = Release|Any CPU
		{26B3745F-9776-4E21-8FD1-DEA718227472}.Release|Any CPU.Build.0 = Release|Any CPU
		{E81FFF7E-D37A-4438-800A-3BC83C8D9159}.Debug|Any CPU.ActiveCfg = Debug|Any CPU
		{E81FFF7E-D37A-4438-800A-3BC83C8D9159}.Debug|Any CPU.Build.0 = Debug|Any CPU
		{E81FFF7E-D37A-4438-800A-3BC83C8D9159}.Release|Any CPU.ActiveCfg = Release|Any CPU
		{E81FFF7E-D37A-4438-800A-3BC83C8D9159}.Release|Any CPU.Build.0 = Release|Any CPU
		{3D1DDABC-CD10-40AA-8E07-50002299CDAE}.Debug|Any CPU.ActiveCfg = Debug|Any CPU
		{3D1DDABC-CD10-40AA-8E07-50002299CDAE}.Debug|Any CPU.Build.0 = Debug|Any CPU
		{3D1DDABC-CD10-40AA-8E07-50002299CDAE}.Release|Any CPU.ActiveCfg = Release|Any CPU
		{3D1DDABC-CD10-40AA-8E07-50002299CDAE}.Release|Any CPU.Build.0 = Release|Any CPU
		{9D35E57B-B1D0-48F8-9A88-3EE8B525016C}.Debug|Any CPU.ActiveCfg = Debug|Any CPU
		{9D35E57B-B1D0-48F8-9A88-3EE8B525016C}.Debug|Any CPU.Build.0 = Debug|Any CPU
		{9D35E57B-B1D0-48F8-9A88-3EE8B525016C}.Release|Any CPU.ActiveCfg = Release|Any CPU
		{9D35E57B-B1D0-48F8-9A88-3EE8B525016C}.Release|Any CPU.Build.0 = Release|Any CPU
		{88A1AF8E-4363-458C-ABA0-948E2F241385}.Debug|Any CPU.ActiveCfg = Debug|Any CPU
		{88A1AF8E-4363-458C-ABA0-948E2F241385}.Debug|Any CPU.Build.0 = Debug|Any CPU
		{88A1AF8E-4363-458C-ABA0-948E2F241385}.Release|Any CPU.ActiveCfg = Release|Any CPU
		{88A1AF8E-4363-458C-ABA0-948E2F241385}.Release|Any CPU.Build.0 = Release|Any CPU
		{DF25AF18-A63C-4122-890F-789A09FBDE76}.Debug|Any CPU.ActiveCfg = Debug|Any CPU
		{DF25AF18-A63C-4122-890F-789A09FBDE76}.Debug|Any CPU.Build.0 = Debug|Any CPU
		{DF25AF18-A63C-4122-890F-789A09FBDE76}.Release|Any CPU.ActiveCfg = Release|Any CPU
		{DF25AF18-A63C-4122-890F-789A09FBDE76}.Release|Any CPU.Build.0 = Release|Any CPU
		{232475B0-1C69-4B3B-8A7D-6E7D55826759}.Debug|Any CPU.ActiveCfg = Debug|Any CPU
		{232475B0-1C69-4B3B-8A7D-6E7D55826759}.Release|Any CPU.ActiveCfg = Release|Any CPU
		{232475B0-1C69-4B3B-8A7D-6E7D55826759}.Release|Any CPU.Build.0 = Release|Any CPU
		{7459F229-F1ED-47B0-922F-B91EAAC9B71F}.Debug|Any CPU.ActiveCfg = Debug|Any CPU
		{7459F229-F1ED-47B0-922F-B91EAAC9B71F}.Debug|Any CPU.Build.0 = Debug|Any CPU
		{7459F229-F1ED-47B0-922F-B91EAAC9B71F}.Release|Any CPU.ActiveCfg = Release|Any CPU
		{7459F229-F1ED-47B0-922F-B91EAAC9B71F}.Release|Any CPU.Build.0 = Release|Any CPU
		{C348538D-4155-48BA-A1BF-EB97E1C0CE37}.Debug|Any CPU.ActiveCfg = Debug|Any CPU
		{C348538D-4155-48BA-A1BF-EB97E1C0CE37}.Debug|Any CPU.Build.0 = Debug|Any CPU
		{C348538D-4155-48BA-A1BF-EB97E1C0CE37}.Release|Any CPU.ActiveCfg = Release|Any CPU
		{C348538D-4155-48BA-A1BF-EB97E1C0CE37}.Release|Any CPU.Build.0 = Release|Any CPU
		{43C5CBE6-0A29-444A-8C1A-7A3AA9725C1A}.Debug|Any CPU.ActiveCfg = Debug|Any CPU
		{43C5CBE6-0A29-444A-8C1A-7A3AA9725C1A}.Debug|Any CPU.Build.0 = Debug|Any CPU
		{43C5CBE6-0A29-444A-8C1A-7A3AA9725C1A}.Release|Any CPU.ActiveCfg = Release|Any CPU
		{43C5CBE6-0A29-444A-8C1A-7A3AA9725C1A}.Release|Any CPU.Build.0 = Release|Any CPU
		{E47F2908-3575-4EA5-AF54-673A9AD8D67B}.Debug|Any CPU.ActiveCfg = Debug|Any CPU
		{E47F2908-3575-4EA5-AF54-673A9AD8D67B}.Debug|Any CPU.Build.0 = Debug|Any CPU
		{E47F2908-3575-4EA5-AF54-673A9AD8D67B}.Release|Any CPU.ActiveCfg = Release|Any CPU
		{E47F2908-3575-4EA5-AF54-673A9AD8D67B}.Release|Any CPU.Build.0 = Release|Any CPU
		{9B9AA8CC-79B3-4F28-8ACB-2BCCE1AD9BD5}.Debug|Any CPU.ActiveCfg = Debug|Any CPU
		{9B9AA8CC-79B3-4F28-8ACB-2BCCE1AD9BD5}.Debug|Any CPU.Build.0 = Debug|Any CPU
		{9B9AA8CC-79B3-4F28-8ACB-2BCCE1AD9BD5}.Release|Any CPU.ActiveCfg = Release|Any CPU
		{9B9AA8CC-79B3-4F28-8ACB-2BCCE1AD9BD5}.Release|Any CPU.Build.0 = Release|Any CPU
		{7FE775D7-4395-41B8-95E3-DE0FF5E52B80}.Debug|Any CPU.ActiveCfg = Debug|Any CPU
		{7FE775D7-4395-41B8-95E3-DE0FF5E52B80}.Debug|Any CPU.Build.0 = Debug|Any CPU
		{7FE775D7-4395-41B8-95E3-DE0FF5E52B80}.Release|Any CPU.ActiveCfg = Release|Any CPU
		{7FE775D7-4395-41B8-95E3-DE0FF5E52B80}.Release|Any CPU.Build.0 = Release|Any CPU
		{2A46859E-140A-4F7D-B200-695C7B2A193B}.Debug|Any CPU.ActiveCfg = Debug|Any CPU
		{2A46859E-140A-4F7D-B200-695C7B2A193B}.Debug|Any CPU.Build.0 = Debug|Any CPU
		{2A46859E-140A-4F7D-B200-695C7B2A193B}.Release|Any CPU.ActiveCfg = Release|Any CPU
		{2A46859E-140A-4F7D-B200-695C7B2A193B}.Release|Any CPU.Build.0 = Release|Any CPU
		{E0C2B515-D068-4AD6-BB83-9E4CEFC14038}.Debug|Any CPU.ActiveCfg = Debug|Any CPU
		{E0C2B515-D068-4AD6-BB83-9E4CEFC14038}.Debug|Any CPU.Build.0 = Debug|Any CPU
		{E0C2B515-D068-4AD6-BB83-9E4CEFC14038}.Release|Any CPU.ActiveCfg = Release|Any CPU
		{E0C2B515-D068-4AD6-BB83-9E4CEFC14038}.Release|Any CPU.Build.0 = Release|Any CPU
	EndGlobalSection
	GlobalSection(SolutionProperties) = preSolution
		HideSolutionNode = FALSE
	EndGlobalSection
	GlobalSection(NestedProjects) = preSolution
		{C9907AC9-1AA0-403C-9267-79F33A0257F0} = {08DAAF44-6973-49C7-A743-B423B137700C}
		{B0126566-6B8A-4F82-9A95-7F731B664B5F} = {646576FD-A739-465A-9ED0-6D5792F5D7E0}
		{42F80618-2A0C-488E-9959-93D1A1B386A6} = {08DAAF44-6973-49C7-A743-B423B137700C}
		{3410DBBB-44E7-4614-BDB8-7332AB090911} = {8BACCE5E-EF6B-47CB-A82F-6A42D747CD64}
		{D4ADF11D-558D-4801-95EC-B4AEB54B9315} = {8BACCE5E-EF6B-47CB-A82F-6A42D747CD64}
		{5B4A2437-62E6-48AA-95E9-30140F96D5E2} = {646576FD-A739-465A-9ED0-6D5792F5D7E0}
		{FA5F2F7A-1032-4CAE-A483-3C66FE5224D5} = {CCB45604-3F16-453E-87C3-C061E6299915}
		{5802B76F-7DA5-4112-A065-65938A891A31} = {CCB45604-3F16-453E-87C3-C061E6299915}
		{26B3745F-9776-4E21-8FD1-DEA718227472} = {646576FD-A739-465A-9ED0-6D5792F5D7E0}
		{2247A13A-0A2A-4524-B333-105AB6E05D3C} = {CCB45604-3F16-453E-87C3-C061E6299915}
		{E81FFF7E-D37A-4438-800A-3BC83C8D9159} = {2247A13A-0A2A-4524-B333-105AB6E05D3C}
		{3D1DDABC-CD10-40AA-8E07-50002299CDAE} = {646576FD-A739-465A-9ED0-6D5792F5D7E0}
		{88A1AF8E-4363-458C-ABA0-948E2F241385} = {646576FD-A739-465A-9ED0-6D5792F5D7E0}
		{DF25AF18-A63C-4122-890F-789A09FBDE76} = {08DAAF44-6973-49C7-A743-B423B137700C}
		{232475B0-1C69-4B3B-8A7D-6E7D55826759} = {08DAAF44-6973-49C7-A743-B423B137700C}
		{C348538D-4155-48BA-A1BF-EB97E1C0CE37} = {646576FD-A739-465A-9ED0-6D5792F5D7E0}
		{43C5CBE6-0A29-444A-8C1A-7A3AA9725C1A} = {646576FD-A739-465A-9ED0-6D5792F5D7E0}
		{E47F2908-3575-4EA5-AF54-673A9AD8D67B} = {08DAAF44-6973-49C7-A743-B423B137700C}
		{9B9AA8CC-79B3-4F28-8ACB-2BCCE1AD9BD5} = {08DAAF44-6973-49C7-A743-B423B137700C}
		{2A46859E-140A-4F7D-B200-695C7B2A193B} = {646576FD-A739-465A-9ED0-6D5792F5D7E0}
		{E0C2B515-D068-4AD6-BB83-9E4CEFC14038} = {646576FD-A739-465A-9ED0-6D5792F5D7E0}
	EndGlobalSection
	GlobalSection(ExtensibilityGlobals) = postSolution
		SolutionGuid = {D2F008C9-9015-4666-B80A-1F6A345E6C09}
	EndGlobalSection
EndGlobal
